
Microsoft Visual Studio Solution File, Format Version 11.00
# Visual Studio 2010
Project("{F184B08F-C81C-45F6-A57F-5ABD9991F28F}") = "GOR BRIDGED PROGRAM beta", "GOR BRIDGED PROGRAM beta\GOR BRIDGED PROGRAM beta.vbproj", "{DBAA9CE8-8DAB-4E06-8A73-AE470B2DDB80}"
EndProject
Global
	GlobalSection(SolutionConfigurationPlatforms) = preSolution
		Debug|Any CPU = Debug|Any CPU
		Debug|x86 = Debug|x86
		Release|Any CPU = Release|Any CPU
		Release|x86 = Release|x86
	EndGlobalSection
	GlobalSection(ProjectConfigurationPlatforms) = postSolution
		{DBAA9CE8-8DAB-4E06-8A73-AE470B2DDB80}.Debug|Any CPU.ActiveCfg = Debug|Any CPU
		{DBAA9CE8-8DAB-4E06-8A73-AE470B2DDB80}.Debug|Any CPU.Build.0 = Debug|Any CPU
		{DBAA9CE8-8DAB-4E06-8A73-AE470B2DDB80}.Debug|x86.ActiveCfg = Debug|x86
		{DBAA9CE8-8DAB-4E06-8A73-AE470B2DDB80}.Debug|x86.Build.0 = Debug|x86
		{DBAA9CE8-8DAB-4E06-8A73-AE470B2DDB80}.Release|Any CPU.ActiveCfg = Release|Any CPU
		{DBAA9CE8-8DAB-4E06-8A73-AE470B2DDB80}.Release|Any CPU.Build.0 = Release|Any CPU
		{DBAA9CE8-8DAB-4E06-8A73-AE470B2DDB80}.Release|x86.ActiveCfg = Release|x86
		{DBAA9CE8-8DAB-4E06-8A73-AE470B2DDB80}.Release|x86.Build.0 = Release|x86
	EndGlobalSection
	GlobalSection(SolutionProperties) = preSolution
		HideSolutionNode = FALSE
	EndGlobalSection
EndGlobal
